
Microsoft Visual Studio Solution File, Format Version 12.00
# Visual Studio 15
VisualStudioVersion = 15.0.27130.2027
MinimumVisualStudioVersion = 10.0.40219.1
Project("{FAE04EC0-301F-11D3-BF4B-00C04F79EFBC}") = "SortCS", "SortCS\SortCS.csproj", "{6885CE5C-9633-4150-9E40-E59BFF55BECA}"
EndProject
Global
	GlobalSection(SolutionConfigurationPlatforms) = preSolution
		Debug|Any CPU = Debug|Any CPU
		Release|Any CPU = Release|Any CPU
	EndGlobalSection
	GlobalSection(ProjectConfigurationPlatforms) = postSolution
		{6885CE5C-9633-4150-9E40-E59BFF55BECA}.Debug|Any CPU.ActiveCfg = Debug|Any CPU
		{6885CE5C-9633-4150-9E40-E59BFF55BECA}.Debug|Any CPU.Build.0 = Debug|Any CPU
		{6885CE5C-9633-4150-9E40-E59BFF55BECA}.Release|Any CPU.ActiveCfg = Release|Any CPU
		{6885CE5C-9633-4150-9E40-E59BFF55BECA}.Release|Any CPU.Build.0 = Release|Any CPU
	EndGlobalSection
	GlobalSection(SolutionProperties) = preSolution
		HideSolutionNode = FALSE
	EndGlobalSection
	GlobalSection(ExtensibilityGlobals) = postSolution
		SolutionGuid = {33009B1B-F7E4-44F3-BC78-9E82B1FF50A7}
	EndGlobalSection
EndGlobal
